cloud.google.com/go v0.17.0 h1:rN+I4wtmtc8w3gx2Ed5NSjjYJ9BmiqyIPxK7uy9gvmQ=
cloud.google.com/go v0.17.0/go.mod h1:aQUYkXzVsufM+DwF1aE+0xfcU+56JwCaLick0ClmMTw=
github.com/PuerkitoBio/goquery v1.1.0 h1:QUDKATbrxlrC/VtTGXPgSF28dtBbniZz0X2sp/Twom4=
github.com/PuerkitoBio/goquery v1.1.0/go.mod h1:T9ezsOHcCrDCgA8aF1Cqr3sSYbO/xgdy8/R/XiIMAhA=
github.com/andybalholm/cascadia v0.0.0-20161224141413-349dd0209470 h1:4jHLmof+Hba81591gfH5xYA8QXzuvgksxwPNrmjR2BA=
github.com/andybalholm/cascadia v0.0.0-20161224141413-349dd0209470/go.mod h1:3I+3V7B6gTBYfdpYgIG2ymALS9H+5VDKUl3lHH7ToM4=
github.com/certifi/gocertifi v0.0.0-20171105132559-a4ab0227d360 h1:mncIYTnditUQddapTftLSTGusm7hjdEWvKarvLlVi2M=
github.com/certifi/gocertifi v0.0.0-20171105132559-a4ab0227d360/go.mod h1:GJKEexRPVJrBSOjoqN5VNOIKJ5Q3RViH6eu3puDRwx4=
github.com/davecgh/go-spew v1.1.0 h1:ZDRjVQ15GmhC3fiQ8ni8+OwkZQO4DARzQgrnXU1Liz8=
github.com/davecgh/go-spew v1.1.0/go.mod h1:J7Y8YcW2NihsgmVo/mv3lAwl/skON4iLHjSsI+c5H38=
github.com/getsentry/raven-go v0.0.0-20171206001108-32a13797442c h1:a4sdVBGTB8ko7YrWGLMmaCe8+eo4I9IyTNzSH8eGAW4=
github.com/getsentry/raven-go v0.0.0-20171206001108-32a13797442c/go.mod h1:KungGk8q33+aIAZUIVWZDr2OfAEBsO49PX4NzFV5kcQ=
github.com/go-sql-driver/mysql v1.3.0 h1:pgwjLi/dvffoP9aabwkT3AKpXQM93QARkjFhDDqC1UE=
github.com/go-sql-driver/mysql v1.3.0/go.mod h1:zAC/RDZ24gD3HViQzih4MyKcchzm+sOG5ZlKdlhCg5w=
github.com/golang/glog v0.0.0-20160126235308-23def4e6c14b h1:VKtxabqXZkF25pY9ekfRL6a582T4P37/31XEstQ5p58=
github.com/golang/glog v0.0.0-20160126235308-23def4e6c14b/go.mod h1:SBH7ygxi8pfUlaOkMMuAQtPIUF8ecWP5IEl/CR7VP2Q=
github.com/golang/protobuf v0.0.0-20171113180720-1e59b77b52bf h1:pFr/u+m8QUBMW/itAczltF3guNRAL7XDs5tD3f6nSD0=
github.com/golang/protobuf v0.0.0-20171113180720-1e59b77b52bf/go.mod h1:6lQm79b+lXiMfvg/cZm0SGofjICqVBUtrP5yJMmIC1U=
github.com/google/go-cmp v0.2.0 h1:+dTQ8DZQJz0Mb/HjFlkptS1FeQ4cWSnN941F8aEG4SQ=
github.com/google/go-cmp v0.2.0/go.mod h1:oXzfMopK8JAjlY9xF4vHSVASa0yLyX7SntLO5aqRK0M=
github.com/googleapis/gax-go v2.0.0+incompatible h1:j0GKcs05QVmm7yesiZq2+9cxHkNK9YM6zKx4D2qucQU=
github.com/googleapis/gax-go v2.0.0+incompatible/go.mod h1:SFVmujtThgffbyetf+mdk2eWhX2bMyUtNHzFKcPA9HY=
github.com/jmoiron/sqlx v0.0.0-20171211234905-de8647470aaf h1:NGuCidp3meDSjT8FcBcxkYPdjkhc41iex8UTBdwA+vE=
github.com/jmoiron/sqlx v0.0.0-20171211234905-de8647470aaf/go.mod h1:IiEW3SEiiErVyFdH8NTuWjSifiEQKUoyK3LNqr2kCHU=
github.com/lib/pq v1.0.0 h1:X5PMW56eZitiTeO7tKzZxFCSpbFZJtkMMooicw2us9A=
github.com/lib/pq v1.0.0/go.mod h1:5WUZQaWbwv1U+lTReE5YruASi9Al49XbQIvNi/34Woo=
github.com/mattn/go-sqlite3 v1.10.0 h1:jbhqpg7tQe4SupckyijYiy0mJJ/pRyHvXf7JdWK860o=
github.com/mattn/go-sqlite3 v1.10.0/go.mod h1:FPy6KqzDD04eiIsT53CuJW3U88zkxoIYsOqkbpncsNc=
github.com/pkg/errors v0.8.0 h1:WdK/asTD0HN+q6hsWO3/vpuAkAr+tw6aNJNDFFf0+qw=
github.com/pkg/errors v0.8.0/go.mod h1:bwawxfHBFNV+L2hUp1rHADufV3IMtnDRdf1r5NINEl0=
github.com/pmezard/go-difflib v1.0.0 h1:4DBwDE0NGyQoBHbLQYPwSUPoCMWR5BEzIk/f1lZbAQM=
github.com/pmezard/go-difflib v1.0.0/go.mod h1:iKH77koFhYxTK1pcRnkKkqfTogsbg7gZNVY4sRDYZ/4=
github.com/stretchr/objx v0.1.0/go.mod h1:HFkY916IF+rwdDfMAkV7OtwuqBVzrE8GR6GFx+wExME=
github.com/stretchr/testify v1.3.0 h1:TivCn/peBQ7UY8ooIcPgZFpTNSz0Q2U6UrFlUfqbe0Q=
github.com/stretchr/testify v1.3.0/go.mod h1:M5WIy9Dh21IEIfnGCwXGc5bZfKNJtfHm1UVUgZn+9EI=
github.com/tidwall/gjson v1.0.5 h1:Lye366YqRbnlKUrd2Mj2EXpZXxm8XEUhR8vuC84oWsQ=
github.com/tidwall/gjson v1.0.5/go.mod h1:c/nTNbUr0E0OrXEhq1pwa8iEgc2DOt4ZZqAt1HtCkPA=
github.com/tidwall/match v1.0.0 h1:Ym1EcFkp+UQ4ptxfWlW+iMdq5cPH5nEuGzdf/Pb7VmI=
github.com/tidwall/match v1.0.0/go.mod h1:LujAq0jyVjBy028G1WhWfIzbpQfMO8bBZ6Tyb0+pL9E=
github.com/wangkekekexili/module v0.0.0-20180103041054-2a2ff207b3dc h1:FaM5QWUR9Lhj+DjEGnQthKdjUpgOzZSfJHeBsBmpQLU=
github.com/wangkekekexili/module v0.0.0-20180103041054-2a2ff207b3dc/go.mod h1:4Zliakr7RrRSXbZmIWw1ANJODrDVLPuxO7IjqFn5c4k=
go.uber.org/atomic v1.3.1 h1:U8WaWEmp56LGz7PReduqHRVF6zzs9GbMC2NEZ42dxSQ=
go.uber.org/atomic v1.3.1/go.mod h1:gD2HeocX3+yG+ygLZcrzQJaqmWj9AIm7n08wl/qW/PE=
go.uber.org/multierr v1.1.0 h1:HoEmRHQPVSqub6w2z2d2EOVs2fjyFRGyofhKuyDq0QI=
go.uber.org/multierr v1.1.0/go.mod h1:wR5kodmAFQ0UK8QlbwjlSNy0Z68gJhDJUG5sjR94q/0=
go.uber.org/zap v1.7.1 h1:wKPciimwkIgV4Aag/wpSDzvtO5JrfwdHKHO7blTHx7Q=
go.uber.org/zap v1.7.1/go.mod h1:vwi/ZaCAaUcBkycHslxD9B2zi4UTXhF60s6SWpuDF0Q=
golang.org/x/net v0.0.0-20171212005608-d866cfc389ce h1:4g3VPcb++AP2cNa6CQ0iACUoH7J/3Jxojq0mmJun9A4=
golang.org/x/net v0.0.0-20171212005608-d866cfc389ce/go.mod h1:mL1N/T3taQHkDXs73rZJwtUhF3w3ftmwwsq0BUmARs4=
golang.org/x/oauth2 v0.0.0-20180104230036-30785a2c434e h1:AimiNCJ4MQaH/dH9vkgpLqhPLd15Dm64zfuiVN6FC/M=
golang.org/x/oauth2 v0.0.0-20180104230036-30785a2c434e/go.mod h1:N/0e6XlmueqKjAGxoOufVs8QHGRruUQn6yWY3a++T0U=
golang.org/x/sync v0.0.0-20171101214715-fd80eb99c8f6 h1:UWryf0el5qwmY5cBTqoyWVa4RPACJRSurjt+KoT0fF0=
golang.org/x/sync v0.0.0-20171101214715-fd80eb99c8f6/go.mod h1:RxMgew5VJxzue5/jJTE5uejpjVlOe/izrB70Jof72aM=
golang.org/x/text v0.0.0-20171227012246-e19ae1496984 h1:ulYJn/BqO4fMRe1xAQzWjokgjsQLPpb21GltxXHI3fQ=
golang.org/x/text v0.0.0-20171227012246-e19ae1496984/go.mod h1:NqM8EUOU14njkJ3fqMW+pc6Ldnwhi/IjpwHt7yyuwOQ=
google.golang.org/api v0.0.0-20180105000337-2c6d8d196bf3 h1:cjUC53kKtG6P9CboqHU1zSi/cLQ/80Y3ZMwrhICaVNs=
google.golang.org/api v0.0.0-20180105000337-2c6d8d196bf3/go.mod h1:4mhQ8q/RsB7i+udVvVy5NUi08OU8ZlA0gRVgrF7VFY0=
google.golang.org/appengine v1.0.0 h1:dN4LljjBKVChsv0XCSI+zbyzdqrkEwX5LQFUMRSGqOc=
google.golang.org/appengine v1.0.0/go.mod h1:EbEs0AVv82hx2wNQdGPgUI5lhzA/G0D9YwlJXL52JkM=
google.golang.org/genproto v0.0.0-20171212231943-a8101f21cf98 h1:bq8KADiS5rsNLj2z1fR64PoWuHKm+7+r+7rQhvBTVUg=
google.golang.org/genproto v0.0.0-20171212231943-a8101f21cf98/go.mod h1:JiN7NxoALGmiZfu7CAH4rXhgtRTLTxftemlI0sWmxmc=
google.golang.org/grpc v1.9.0 h1:LzlcAel8jsCIi6UilYD5un6ZNSwMpU8WF4LEQzwJvpY=
google.golang.org/grpc v1.9.0/go.mod h1:yo6s7OP7yaDglbqo1J04qKzAhqBH6lvTonzMVmEdcZw=
